
Microsoft Visual Studio Solution File, Format Version 12.00
# Visual Studio Version 17
VisualStudioVersion = 17.3.32929.385
MinimumVisualStudioVersion = 10.0.40219.1
Project("{FAE04EC0-301F-11D3-BF4B-00C04F79EFBC}") = "Noviembrex.web", "Noviembrex.web\Noviembrex.web.csproj", "{7CA980CD-77FF-434F-942A-6C05432C762E}"
EndProject
Global
	GlobalSection(SolutionConfigurationPlatforms) = preSolution
		Debug|Any CPU = Debug|Any CPU
		Release|Any CPU = Release|Any CPU
	EndGlobalSection
	GlobalSection(ProjectConfigurationPlatforms) = postSolution
		{7CA980CD-77FF-434F-942A-6C05432C762E}.Debug|Any CPU.ActiveCfg = Debug|Any CPU
		{7CA980CD-77FF-434F-942A-6C05432C762E}.Debug|Any CPU.Build.0 = Debug|Any CPU
		{7CA980CD-77FF-434F-942A-6C05432C762E}.Release|Any CPU.ActiveCfg = Release|Any CPU
		{7CA980CD-77FF-434F-942A-6C05432C762E}.Release|Any CPU.Build.0 = Release|Any CPU
	EndGlobalSection
	GlobalSection(SolutionProperties) = preSolution
		HideSolutionNode = FALSE
	EndGlobalSection
	GlobalSection(ExtensibilityGlobals) = postSolution
		SolutionGuid = {D6BEE221-9615-4BC6-92D3-FA023DB94752}
	EndGlobalSection
EndGlobal
